
Microsoft Visual Studio Solution File, Format Version 12.00
Project("{FAE04EC0-301F-11D3-BF4B-00C04F79EFBC}") = "EnhancedLinq", "EnhancedLinq\EnhancedLinq.csproj", "{CE042576-7B6C-4963-BE27-9B97D0D1E27B}"
EndProject
Project("{FAE04EC0-301F-11D3-BF4B-00C04F79EFBC}") = "EnhancedLinq.Tests", "EnhancedLinq.Tests\EnhancedLinq.Tests.csproj", "{26D20606-D549-43D5-8EBC-E01D324690B8}"
EndProject
Project("{FAE04EC0-301F-11D3-BF4B-00C04F79EFBC}") = "EnhancedLinq.MsExtensions", "EnhancedLinq.MsExtensions\EnhancedLinq.MsExtensions.csproj", "{0C763738-48CA-4ECA-81F6-9809C8842D0C}"
EndProject
Project("{FAE04EC0-301F-11D3-BF4B-00C04F79EFBC}") = "EnhancedLinq.Memory", "EnhancedLinq.Memory\EnhancedLinq.Memory.csproj", "{C65241BC-94BE-4ACE-9373-CF6BC4917F6E}"
EndProject
Project("{2150E333-8FDC-42A3-9474-1A3956D46DE8}") = "Testing", "Testing", "{9E301A03-D941-4EE2-B7BA-BC0501258EFE}"
EndProject
Project("{FAE04EC0-301F-11D3-BF4B-00C04F79EFBC}") = "EnhancedLinq.Async", "EnhancedLinq.Async\EnhancedLinq.Async.csproj", "{24FE67DB-76E4-4D74-9362-93AFEA93E341}"
EndProject
Project("{2150E333-8FDC-42A3-9474-1A3956D46DE8}") = "Source", "Source", "{91624D5E-B053-4122-92CA-2B30F24811C0}"
EndProject
Project("{FAE04EC0-301F-11D3-BF4B-00C04F79EFBC}") = "EnhancedLinq.Shared.Infra", "EnhancedLinq.Shared.Infra\EnhancedLinq.Shared.Infra.csproj", "{11398612-6A02-4465-BCB9-23B87D88B3F3}"
EndProject
Global
	GlobalSection(SolutionConfigurationPlatforms) = preSolution
		Debug|Any CPU = Debug|Any CPU
		Release|Any CPU = Release|Any CPU
	EndGlobalSection
	GlobalSection(ProjectConfigurationPlatforms) = postSolution
		{CE042576-7B6C-4963-BE27-9B97D0D1E27B}.Debug|Any CPU.ActiveCfg = Debug|Any CPU
		{CE042576-7B6C-4963-BE27-9B97D0D1E27B}.Debug|Any CPU.Build.0 = Debug|Any CPU
		{CE042576-7B6C-4963-BE27-9B97D0D1E27B}.Release|Any CPU.ActiveCfg = Release|Any CPU
		{CE042576-7B6C-4963-BE27-9B97D0D1E27B}.Release|Any CPU.Build.0 = Release|Any CPU
		{26D20606-D549-43D5-8EBC-E01D324690B8}.Debug|Any CPU.ActiveCfg = Debug|Any CPU
		{26D20606-D549-43D5-8EBC-E01D324690B8}.Debug|Any CPU.Build.0 = Debug|Any CPU
		{26D20606-D549-43D5-8EBC-E01D324690B8}.Release|Any CPU.ActiveCfg = Release|Any CPU
		{26D20606-D549-43D5-8EBC-E01D324690B8}.Release|Any CPU.Build.0 = Release|Any CPU
		{0C763738-48CA-4ECA-81F6-9809C8842D0C}.Debug|Any CPU.ActiveCfg = Debug|Any CPU
		{0C763738-48CA-4ECA-81F6-9809C8842D0C}.Debug|Any CPU.Build.0 = Debug|Any CPU
		{0C763738-48CA-4ECA-81F6-9809C8842D0C}.Release|Any CPU.ActiveCfg = Release|Any CPU
		{0C763738-48CA-4ECA-81F6-9809C8842D0C}.Release|Any CPU.Build.0 = Release|Any CPU
		{C65241BC-94BE-4ACE-9373-CF6BC4917F6E}.Debug|Any CPU.ActiveCfg = Debug|Any CPU
		{C65241BC-94BE-4ACE-9373-CF6BC4917F6E}.Debug|Any CPU.Build.0 = Debug|Any CPU
		{C65241BC-94BE-4ACE-9373-CF6BC4917F6E}.Release|Any CPU.ActiveCfg = Release|Any CPU
		{C65241BC-94BE-4ACE-9373-CF6BC4917F6E}.Release|Any CPU.Build.0 = Release|Any CPU
		{24FE67DB-76E4-4D74-9362-93AFEA93E341}.Debug|Any CPU.ActiveCfg = Debug|Any CPU
		{24FE67DB-76E4-4D74-9362-93AFEA93E341}.Debug|Any CPU.Build.0 = Debug|Any CPU
		{24FE67DB-76E4-4D74-9362-93AFEA93E341}.Release|Any CPU.ActiveCfg = Release|Any CPU
		{24FE67DB-76E4-4D74-9362-93AFEA93E341}.Release|Any CPU.Build.0 = Release|Any CPU
		{11398612-6A02-4465-BCB9-23B87D88B3F3}.Debug|Any CPU.ActiveCfg = Debug|Any CPU
		{11398612-6A02-4465-BCB9-23B87D88B3F3}.Debug|Any CPU.Build.0 = Debug|Any CPU
		{11398612-6A02-4465-BCB9-23B87D88B3F3}.Release|Any CPU.ActiveCfg = Release|Any CPU
		{11398612-6A02-4465-BCB9-23B87D88B3F3}.Release|Any CPU.Build.0 = Release|Any CPU
	EndGlobalSection
	GlobalSection(NestedProjects) = preSolution
		{26D20606-D549-43D5-8EBC-E01D324690B8} = {9E301A03-D941-4EE2-B7BA-BC0501258EFE}
		{0C763738-48CA-4ECA-81F6-9809C8842D0C} = {91624D5E-B053-4122-92CA-2B30F24811C0}
		{24FE67DB-76E4-4D74-9362-93AFEA93E341} = {91624D5E-B053-4122-92CA-2B30F24811C0}
		{C65241BC-94BE-4ACE-9373-CF6BC4917F6E} = {91624D5E-B053-4122-92CA-2B30F24811C0}
		{CE042576-7B6C-4963-BE27-9B97D0D1E27B} = {91624D5E-B053-4122-92CA-2B30F24811C0}
		{11398612-6A02-4465-BCB9-23B87D88B3F3} = {91624D5E-B053-4122-92CA-2B30F24811C0}
	EndGlobalSection
EndGlobal
